
Microsoft Visual Studio Solution File, Format Version 12.00
# Visual Studio Version 16
VisualStudioVersion = 16.0.29403.142
MinimumVisualStudioVersion = 10.0.40219.1
Project("{FAE04EC0-301F-11D3-BF4B-00C04F79EFBC}") = "MVCAPI-Week1", "MVCAPI-Week1\MVCAPI-Week1.csproj", "{529A35C2-5D2D-4793-8C53-49C2241477F5}"
EndProject
Global
	GlobalSection(SolutionConfigurationPlatforms) = preSolution
		Debug|Any CPU = Debug|Any CPU
		Release|Any CPU = Release|Any CPU
	EndGlobalSection
	GlobalSection(ProjectConfigurationPlatforms) = postSolution
		{529A35C2-5D2D-4793-8C53-49C2241477F5}.Debug|Any CPU.ActiveCfg = Debug|Any CPU
		{529A35C2-5D2D-4793-8C53-49C2241477F5}.Debug|Any CPU.Build.0 = Debug|Any CPU
		{529A35C2-5D2D-4793-8C53-49C2241477F5}.Release|Any CPU.ActiveCfg = Release|Any CPU
		{529A35C2-5D2D-4793-8C53-49C2241477F5}.Release|Any CPU.Build.0 = Release|Any CPU
	EndGlobalSection
	GlobalSection(SolutionProperties) = preSolution
		HideSolutionNode = FALSE
	EndGlobalSection
	GlobalSection(ExtensibilityGlobals) = postSolution
		SolutionGuid = {8D4DBE50-1AD8-4013-8DDD-FEA21E9E08C4}
	EndGlobalSection
EndGlobal
